PODS:
  - AppAuth (1.7.6):
    - AppAuth/Core (= 1.7.6)
    - AppAuth/ExternalUserAgent (= 1.7.6)
  - AppAuth/Core (1.7.6)
  - AppAuth/ExternalUserAgent (1.7.6):
    - AppAuth/Core
  - AppCheckCore (11.2.0):
    - GoogleUtilities/Environment (~> 8.0)
    - GoogleUtilities/UserDefaults (~> 8.0)
    - PromisesObjC (~> 2.4)
  - connectivity_plus (0.0.1):
    - Flutter
  - device_info_plus (0.0.1):
    - Flutter
  - DKImagePickerController/Core (4.3.9):
    - DKImagePickerController/ImageDataManager
    - DKImagePickerController/Resource
  - DKImagePickerController/ImageDataManager (4.3.9)
  - DKImagePickerController/PhotoGallery (4.3.9):
    - DKImagePickerController/Core
    - DKPhotoGallery
  - DKImagePickerController/Resource (4.3.9)
  - DKPhotoGallery (0.0.19):
    - DKPhotoGallery/Core (= 0.0.19)
    - DKPhotoGallery/Model (= 0.0.19)
    - DKPhotoGallery/Preview (= 0.0.19)
    - DKPhotoGallery/Resource (= 0.0.19)
    - SDWebImage
    - SwiftyGif
  - DKPhotoGallery/Core (0.0.19):
    - DKPhotoGallery/Model
    - DKPhotoGallery/Preview
    - SDWebImage
    - SwiftyGif
  - DKPhotoGallery/Model (0.0.19):
    - SDWebImage
    - SwiftyGif
  - DKPhotoGallery/Preview (0.0.19):
    - DKPhotoGallery/Model
    - DKPhotoGallery/Resource
    - SDWebImage
    - SwiftyGif
  - DKPhotoGallery/Resource (0.0.19):
    - SDWebImage
    - SwiftyGif
  - emoji_picker_flutter (0.0.1):
    - Flutter
  - file_picker (0.0.1):
    - DKImagePickerController/PhotoGallery
    - Flutter
  - Firebase/Auth (12.4.0):
    - Firebase/CoreOnly
    - FirebaseAuth (~> 12.4.0)
  - Firebase/CoreOnly (12.4.0):
    - FirebaseCore (~> 12.4.0)
  - Firebase/Messaging (12.4.0):
    - Firebase/CoreOnly
    - FirebaseMessaging (~> 12.4.0)
  - firebase_auth (6.1.2):
    - Firebase/Auth (= 12.4.0)
    - firebase_core
    - Flutter
  - firebase_core (4.2.1):
    - Firebase/CoreOnly (= 12.4.0)
    - Flutter
  - firebase_messaging (16.0.4):
    - Firebase/Messaging (= 12.4.0)
    - firebase_core
    - Flutter
  - FirebaseAppCheckInterop (12.4.0)
  - FirebaseAuth (12.4.0):
    - FirebaseAppCheckInterop (~> 12.4.0)
    - FirebaseAuthInterop (~> 12.4.0)
    - FirebaseCore (~> 12.4.0)
    - FirebaseCoreExtension (~> 12.4.0)
    - GoogleUtilities/AppDelegateSwizzler (~> 8.1)
    - GoogleUtilities/Environment (~> 8.1)
    - GTMSessionFetcher/Core (< 6.0, >= 3.4)
    - RecaptchaInterop (~> 101.0)
  - FirebaseAuthInterop (12.4.0)
  - FirebaseCore (12.4.0):
    - FirebaseCoreInternal (~> 12.4.0)
    - GoogleUtilities/Environment (~> 8.1)
    - GoogleUtilities/Logger (~> 8.1)
  - FirebaseCoreExtension (12.4.0):
    - FirebaseCore (~> 12.4.0)
  - FirebaseCoreInternal (12.4.0):
    - "GoogleUtilities/NSData+zlib (~> 8.1)"
  - FirebaseInstallations (12.4.0):
    - FirebaseCore (~> 12.4.0)
    - GoogleUtilities/Environment (~> 8.1)
    - GoogleUtilities/UserDefaults (~> 8.1)
    - PromisesObjC (~> 2.4)
  - FirebaseMessaging (12.4.0):
    - FirebaseCore (~> 12.4.0)
    - FirebaseInstallations (~> 12.4.0)
    - GoogleDataTransport (~> 10.1)
    - GoogleUtilities/AppDelegateSwizzler (~> 8.1)
    - GoogleUtilities/Environment (~> 8.1)
    - GoogleUtilities/Reachability (~> 8.1)
    - GoogleUtilities/UserDefaults (~> 8.1)
    - nanopb (~> 3.30910.0)
  - Flutter (1.0.0)
  - flutter_logs_yoer (0.0.1):
    - Flutter
    - ZIPFoundation
  - google_sign_in_ios (0.0.1):
    - AppAuth (>= 1.7.4)
    - Flutter
    - FlutterMacOS
    - GoogleSignIn (~> 8.0)
    - GTMSessionFetcher (>= 3.4.0)
  - GoogleDataTransport (10.1.0):
    - nanopb (~> 3.30910.0)
    - PromisesObjC (~> 2.4)
  - GoogleSignIn (8.0.0):
    - AppAuth (< 2.0, >= 1.7.3)
    - AppCheckCore (~> 11.0)
    - GTMAppAuth (< 5.0, >= 4.1.1)
    - GTMSessionFetcher/Core (~> 3.3)
  - GoogleUtilities/AppDelegateSwizzler (8.1.0):
    - GoogleUtilities/Environment
    - GoogleUtilities/Logger
    - GoogleUtilities/Network
    - GoogleUtilities/Privacy
  - GoogleUtilities/Environment (8.1.0):
    - GoogleUtilities/Privacy
  - GoogleUtilities/Logger (8.1.0):
    - GoogleUtilities/Environment
    - GoogleUtilities/Privacy
  - GoogleUtilities/Network (8.1.0):
    - GoogleUtilities/Logger
    - "GoogleUtilities/NSData+zlib"
    - GoogleUtilities/Privacy
    - GoogleUtilities/Reachability
  - "GoogleUtilities/NSData+zlib (8.1.0)":
    - GoogleUtilities/Privacy
  - GoogleUtilities/Privacy (8.1.0)
  - GoogleUtilities/Reachability (8.1.0):
    - GoogleUtilities/Logger
    - GoogleUtilities/Privacy
  - GoogleUtilities/UserDefaults (8.1.0):
    - GoogleUtilities/Logger
    - GoogleUtilities/Privacy
  - GTMAppAuth (4.1.1):
    - AppAuth/Core (~> 1.7)
    - GTMSessionFetcher/Core (< 4.0, >= 3.3)
  - GTMSessionFetcher (3.5.0):
    - GTMSessionFetcher/Full (= 3.5.0)
  - GTMSessionFetcher/Core (3.5.0)
  - GTMSessionFetcher/Full (3.5.0):
    - GTMSessionFetcher/Core
  - image_picker_ios (0.0.1):
    - Flutter
  - in_app_purchase_storekit (0.0.1):
    - Flutter
    - FlutterMacOS
  - Masonry (1.1.0)
  - nanopb (3.30910.0):
    - nanopb/decode (= 3.30910.0)
    - nanopb/encode (= 3.30910.0)
  - nanopb/decode (3.30910.0)
  - nanopb/encode (3.30910.0)
  - native_device_orientation (0.0.1):
    - Flutter
  - package_info_plus (0.4.5):
    - Flutter
  - path_provider_foundation (0.0.1):
    - Flutter
    - FlutterMacOS
  - permission_handler_apple (9.3.0):
    - Flutter
  - PromisesObjC (2.4.0)
  - RecaptchaInterop (101.0.0)
  - SDWebImage (5.21.3):
    - SDWebImage/Core (= 5.21.3)
  - SDWebImage/Core (5.21.3)
  - share_plus (0.0.1):
    - Flutter
  - shared_preferences_foundation (0.0.1):
    - Flutter
    - FlutterMacOS
  - sqflite_darwin (0.0.4):
    - Flutter
    - FlutterMacOS
  - Stripe (24.23.3):
    - StripeApplePay (= 24.23.3)
    - StripeCore (= 24.23.3)
    - StripePayments (= 24.23.3)
    - StripePaymentsUI (= 24.23.3)
    - StripeUICore (= 24.23.3)
  - stripe_ios (0.0.1):
    - Flutter
    - Stripe (~> 24.23.0)
    - stripe_ios/stripe_ios (= 0.0.1)
    - stripe_ios/stripe_objc (= 0.0.1)
    - StripeApplePay (~> 24.23.0)
    - StripeFinancialConnections (~> 24.23.0)
    - StripePayments (~> 24.23.0)
    - StripePaymentSheet (~> 24.23.0)
    - StripePaymentsUI (~> 24.23.0)
  - stripe_ios/stripe_ios (0.0.1):
    - Flutter
    - Stripe (~> 24.23.0)
    - stripe_ios/stripe_objc
    - StripeApplePay (~> 24.23.0)
    - StripeFinancialConnections (~> 24.23.0)
    - StripePayments (~> 24.23.0)
    - StripePaymentSheet (~> 24.23.0)
    - StripePaymentsUI (~> 24.23.0)
  - stripe_ios/stripe_objc (0.0.1):
    - Flutter
    - Stripe (~> 24.23.0)
    - StripeApplePay (~> 24.23.0)
    - StripeFinancialConnections (~> 24.23.0)
    - StripePayments (~> 24.23.0)
    - StripePaymentSheet (~> 24.23.0)
    - StripePaymentsUI (~> 24.23.0)
  - StripeApplePay (24.23.3):
    - StripeCore (= 24.23.3)
  - StripeCore (24.23.3)
  - StripeFinancialConnections (24.23.3):
    - StripeCore (= 24.23.3)
    - StripeUICore (= 24.23.3)
  - StripePayments (24.23.3):
    - StripeCore (= 24.23.3)
    - StripePayments/Stripe3DS2 (= 24.23.3)
  - StripePayments/Stripe3DS2 (24.23.3):
    - StripeCore (= 24.23.3)
  - StripePaymentSheet (24.23.3):
    - StripeApplePay (= 24.23.3)
    - StripeCore (= 24.23.3)
    - StripePayments (= 24.23.3)
    - StripePaymentsUI (= 24.23.3)
  - StripePaymentsUI (24.23.3):
    - StripeCore (= 24.23.3)
    - StripePayments (= 24.23.3)
    - StripeUICore (= 24.23.3)
  - StripeUICore (24.23.3):
    - StripeCore (= 24.23.3)
  - SwiftyGif (5.4.5)
  - url_launcher_ios (0.0.1):
    - Flutter
  - video_player_avfoundation (0.0.1):
    - Flutter
    - FlutterMacOS
  - wakelock_plus (0.0.1):
    - Flutter
  - webview_flutter_wkwebview (0.0.1):
    - Flutter
    - FlutterMacOS
  - zego_express_engine (3.22.1):
    - Flutter
  - zego_uikit (2.28.34):
    - Flutter
    - Masonry
    - zego_express_engine
    - ZegoUIKitReport (= 0.2.10)
  - zego_uikit_prebuilt_live_streaming (3.15.3):
    - Flutter
  - ZegoUIKitReport (0.2.10)
  - ZIPFoundation (0.9.20)

DEPENDENCIES:
  - connectivity_plus (from `.symlinks/plugins/connectivity_plus/ios`)
  - device_info_plus (from `.symlinks/plugins/device_info_plus/ios`)
  - emoji_picker_flutter (from `.symlinks/plugins/emoji_picker_flutter/ios`)
  - file_picker (from `.symlinks/plugins/file_picker/ios`)
  - firebase_auth (from `.symlinks/plugins/firebase_auth/ios`)
  - firebase_core (from `.symlinks/plugins/firebase_core/ios`)
  - firebase_messaging (from `.symlinks/plugins/firebase_messaging/ios`)
  - Flutter (from `Flutter`)
  - flutter_logs_yoer (from `.symlinks/plugins/flutter_logs_yoer/ios`)
  - google_sign_in_ios (from `.symlinks/plugins/google_sign_in_ios/darwin`)
  - image_picker_ios (from `.symlinks/plugins/image_picker_ios/ios`)
  - in_app_purchase_storekit (from `.symlinks/plugins/in_app_purchase_storekit/darwin`)
  - native_device_orientation (from `.symlinks/plugins/native_device_orientation/ios`)
  - package_info_plus (from `.symlinks/plugins/package_info_plus/ios`)
  - path_provider_foundation (from `.symlinks/plugins/path_provider_foundation/darwin`)
  - permission_handler_apple (from `.symlinks/plugins/permission_handler_apple/ios`)
  - share_plus (from `.symlinks/plugins/share_plus/ios`)
  - shared_preferences_foundation (from `.symlinks/plugins/shared_preferences_foundation/darwin`)
  - sqflite_darwin (from `.symlinks/plugins/sqflite_darwin/darwin`)
  - stripe_ios (from `.symlinks/plugins/stripe_ios/ios`)
  - url_launcher_ios (from `.symlinks/plugins/url_launcher_ios/ios`)
  - video_player_avfoundation (from `.symlinks/plugins/video_player_avfoundation/darwin`)
  - wakelock_plus (from `.symlinks/plugins/wakelock_plus/ios`)
  - webview_flutter_wkwebview (from `.symlinks/plugins/webview_flutter_wkwebview/darwin`)
  - zego_express_engine (from `.symlinks/plugins/zego_express_engine/ios`)
  - zego_uikit (from `.symlinks/plugins/zego_uikit/ios`)
  - zego_uikit_prebuilt_live_streaming (from `.symlinks/plugins/zego_uikit_prebuilt_live_streaming/ios`)

SPEC REPOS:
  trunk:
    - AppAuth
    - AppCheckCore
    - DKImagePickerController
    - DKPhotoGallery
    - Firebase
    - FirebaseAppCheckInterop
    - FirebaseAuth
    - FirebaseAuthInterop
    - FirebaseCore
    - FirebaseCoreExtension
    - FirebaseCoreInternal
    - FirebaseInstallations
    - FirebaseMessaging
    - GoogleDataTransport
    - GoogleSignIn
    - GoogleUtilities
    - GTMAppAuth
    - GTMSessionFetcher
    - Masonry
    - nanopb
    - PromisesObjC
    - RecaptchaInterop
    - SDWebImage
    - Stripe
    - StripeApplePay
    - StripeCore
    - StripeFinancialConnections
    - StripePayments
    - StripePaymentSheet
    - StripePaymentsUI
    - StripeUICore
    - SwiftyGif
    - ZegoUIKitReport
    - ZIPFoundation

EXTERNAL SOURCES:
  connectivity_plus:
    :path: ".symlinks/plugins/connectivity_plus/ios"
  device_info_plus:
    :path: ".symlinks/plugins/device_info_plus/ios"
  emoji_picker_flutter:
    :path: ".symlinks/plugins/emoji_picker_flutter/ios"
  file_picker:
    :path: ".symlinks/plugins/file_picker/ios"
  firebase_auth:
    :path: ".symlinks/plugins/firebase_auth/ios"
  firebase_core:
    :path: ".symlinks/plugins/firebase_core/ios"
  firebase_messaging:
    :path: ".symlinks/plugins/firebase_messaging/ios"
  Flutter:
    :path: Flutter
  flutter_logs_yoer:
    :path: ".symlinks/plugins/flutter_logs_yoer/ios"
  google_sign_in_ios:
    :path: ".symlinks/plugins/google_sign_in_ios/darwin"
  image_picker_ios:
    :path: ".symlinks/plugins/image_picker_ios/ios"
  in_app_purchase_storekit:
    :path: ".symlinks/plugins/in_app_purchase_storekit/darwin"
  native_device_orientation:
    :path: ".symlinks/plugins/native_device_orientation/ios"
  package_info_plus:
    :path: ".symlinks/plugins/package_info_plus/ios"
  path_provider_foundation:
    :path: ".symlinks/plugins/path_provider_foundation/darwin"
  permission_handler_apple:
    :path: ".symlinks/plugins/permission_handler_apple/ios"
  share_plus:
    :path: ".symlinks/plugins/share_plus/ios"
  shared_preferences_foundation:
    :path: ".symlinks/plugins/shared_preferences_foundation/darwin"
  sqflite_darwin:
    :path: ".symlinks/plugins/sqflite_darwin/darwin"
  stripe_ios:
    :path: ".symlinks/plugins/stripe_ios/ios"
  url_launcher_ios:
    :path: ".symlinks/plugins/url_launcher_ios/ios"
  video_player_avfoundation:
    :path: ".symlinks/plugins/video_player_avfoundation/darwin"
  wakelock_plus:
    :path: ".symlinks/plugins/wakelock_plus/ios"
  webview_flutter_wkwebview:
    :path: ".symlinks/plugins/webview_flutter_wkwebview/darwin"
  zego_express_engine:
    :path: ".symlinks/plugins/zego_express_engine/ios"
  zego_uikit:
    :path: ".symlinks/plugins/zego_uikit/ios"
  zego_uikit_prebuilt_live_streaming:
    :path: ".symlinks/plugins/zego_uikit_prebuilt_live_streaming/ios"

SPEC CHECKSUMS:
  AppAuth: d4f13a8fe0baf391b2108511793e4b479691fb73
  AppCheckCore: cc8fd0a3a230ddd401f326489c99990b013f0c4f
  connectivity_plus: cb623214f4e1f6ef8fe7403d580fdad517d2f7dd
  device_info_plus: 21fcca2080fbcd348be798aa36c3e5ed849eefbe
  DKImagePickerController: 946cec48c7873164274ecc4624d19e3da4c1ef3c
  DKPhotoGallery: b3834fecb755ee09a593d7c9e389d8b5d6deed60
  emoji_picker_flutter: ece213fc274bdddefb77d502d33080dc54e616cc
  file_picker: a0560bc09d61de87f12d246fc47d2119e6ef37be
  Firebase: f07b15ae5a6ec0f93713e30b923d9970d144af3e
  firebase_auth: 9225db04db5d8e3b46dc8940e04bc6aec6833e27
  firebase_core: f1aafb21c14f497e5498f7ffc4dc63cbb52b2594
  firebase_messaging: c17a29984eafce4b2997fe078bb0a9e0b06f5dde
  FirebaseAppCheckInterop: f734c802f21fe1da0837708f0f9a27218c8a4ed0
  FirebaseAuth: 4a2aed737c84114a9d9b33d11ae1b147d6b94889
  FirebaseAuthInterop: 858e6b754966e70740a4370dd1503dfffe6dbb49
  FirebaseCore: bb595f3114953664e3c1dc032f008a244147cfd3
  FirebaseCoreExtension: 7e1f7118ee970e001a8013719fb90950ee5e0018
  FirebaseCoreInternal: d7f5a043c2cd01a08103ab586587c1468047bca6
  FirebaseInstallations: ae9f4902cb5bf1d0c5eaa31ec1f4e5495a0714e2
  FirebaseMessaging: d33971b7bb252745ea6cd31ab190d1a1df4b8ed5
  Flutter: cabc95a1d2626b1b06e7179b784ebcf0c0cde467
  flutter_logs_yoer: 4b6ed7705cc0e5306d9ecce1d5be5568045e0e73
  google_sign_in_ios: b48bb9af78576358a168361173155596c845f0b9
  GoogleDataTransport: aae35b7ea0c09004c3797d53c8c41f66f219d6a7
  GoogleSignIn: ce8c89bb9b37fb624b92e7514cc67335d1e277e4
  GoogleUtilities: 00c88b9a86066ef77f0da2fab05f65d7768ed8e1
  GTMAppAuth: f69bd07d68cd3b766125f7e072c45d7340dea0de
  GTMSessionFetcher: 5aea5ba6bd522a239e236100971f10cb71b96ab6
  image_picker_ios: e0ece4aa2a75771a7de3fa735d26d90817041326
  in_app_purchase_storekit: 22cca7d08eebca9babdf4d07d0baccb73325d3c8
  Masonry: 678fab65091a9290e40e2832a55e7ab731aad201
  nanopb: fad817b59e0457d11a5dfbde799381cd727c1275
  native_device_orientation: e3580675687d5034770da198f6839ebf2122ef94
  package_info_plus: af8e2ca6888548050f16fa2f1938db7b5a5df499
  path_provider_foundation: bb55f6dbba17d0dccd6737fe6f7f34fbd0376880
  permission_handler_apple: 4ed2196e43d0651e8ff7ca3483a069d469701f2d
  PromisesObjC: f5707f49cb48b9636751c5b2e7d227e43fba9f47
  RecaptchaInterop: 11e0b637842dfb48308d242afc3f448062325aba
  SDWebImage: 16309af6d214ba3f77a7c6f6fdda888cb313a50a
  share_plus: 50da8cb520a8f0f65671c6c6a99b3617ed10a58a
  shared_preferences_foundation: 7036424c3d8ec98dfe75ff1667cb0cd531ec82bb
  sqflite_darwin: 20b2a3a3b70e43edae938624ce550a3cbf66a3d0
  Stripe: a4b6584549bac3698733ed564e55b0b067cfda8a
  stripe_ios: b720131bae6025a497bf7bb030e238a1a2781f18
  StripeApplePay: c8b005f1b5a242c455f76b42eda08660e9e33102
  StripeCore: 9a87da02c7fefc9b965218210a0902acd71157ab
  StripeFinancialConnections: 331ece5b6446dbf6eac62b94f8e365d0af9e000a
  StripePayments: 95ca9bc60eca45f02cd35b125a67a969c9d62ce7
  StripePaymentSheet: 7bc20a0ab10d91acc06dc449ab61bb2cf221b0f4
  StripePaymentsUI: 1590647b3f635a58fb0e7058d86d3e9ff89250d4
  StripeUICore: a63d95d604e70a5895f9d6b09c49a46757e86353
  SwiftyGif: 706c60cf65fa2bc5ee0313beece843c8eb8194d4
  url_launcher_ios: 7a95fa5b60cc718a708b8f2966718e93db0cef1b
  video_player_avfoundation: dd410b52df6d2466a42d28550e33e4146928280a
  wakelock_plus: e29112ab3ef0b318e58cfa5c32326458be66b556
  webview_flutter_wkwebview: 8ebf4fded22593026f7dbff1fbff31ea98573c8d
  zego_express_engine: 2c33d9ea93665061330aad01cb41f8d3202136fc
  zego_uikit: a3d6c8aa5e7ed74c8e92595d608b80f5a39a9338
  zego_uikit_prebuilt_live_streaming: 68ff92b92aa809cff0222be1dca3fd962f8f2c7d
  ZegoUIKitReport: a993f7ccc5d243998a7e601a60e16fcd6c084417
  ZIPFoundation: dfd3d681c4053ff7e2f7350bc4e53b5dba3f5351

PODFILE CHECKSUM: 66bf51316ce21d7540357dd602f8cf54e2efd422

COCOAPODS: 1.16.2
